PODS:
  - HaidoraProgressHUDManager (0.1.0):
    - HaidoraProgressHUDManager/Core (= 0.1.0)
    - HaidoraProgressHUDManager/MBProgressHUD (= 0.1.0)
    - HaidoraProgressHUDManager/SVProgressHUD (= 0.1.0)
  - HaidoraProgressHUDManager/Core (0.1.0)
  - HaidoraProgressHUDManager/MBProgressHUD (0.1.0):
    - HaidoraProgressHUDManager/Core
    - MBProgressHUD
  - HaidoraProgressHUDManager/SVProgressHUD (0.1.0):
    - HaidoraProgressHUDManager/Core
    - SVProgressHUD
  - MBProgressHUD (0.9.1)
  - SVProgressHUD (1.1.3)

DEPENDENCIES:
  - HaidoraProgressHUDManager (from `../`)

EXTERNAL SOURCES:
  HaidoraProgressHUDManager:
    :path: ../

SPEC CHECKSUMS:
  HaidoraProgressHUDManager: 3f16f90c03e3f3f631406033bad055ac897d7c46
  MBProgressHUD: c47f2c166c126cf2ce36498d80f33e754d4e93ad
  SVProgressHUD: 748080e4f36e603f6c02aec292664239df5279c1

COCOAPODS: 0.38.2
